
Microsoft Visual Studio Solution File, Format Version 12.00
# Visual Studio 15
Project("{FAE04EC0-301F-11D3-BF4B-00C04F79EFBC}") = "CountryMobileApp.Android", "CountryMobileApp.Android\CountryMobileApp.Android.csproj", "{16DABB11-CABF-4FC9-9801-7E27902AB122}"
EndProject
Project("{FAE04EC0-301F-11D3-BF4B-00C04F79EFBC}") = "CountryMobileApp.iOS", "CountryMobileApp.iOS\CountryMobileApp.iOS.csproj", "{1D8B9D25-B5B0-460C-A9DE-5E1206907134}"
EndProject
Project("{FAE04EC0-301F-11D3-BF4B-00C04F79EFBC}") = "CountryMobileApp", "CountryMobileApp\CountryMobileApp.csproj", "{D65C62CA-E57A-42EA-89A7-2076C1101915}"
EndProject
Global
	GlobalSection(SolutionConfigurationPlatforms) = preSolution
		Debug|Any CPU = Debug|Any CPU
		Release|Any CPU = Release|Any CPU
		Debug|iPhoneSimulator = Debug|iPhoneSimulator
		Release|iPhoneSimulator = Release|iPhoneSimulator
		Debug|iPhone = Debug|iPhone
		Release|iPhone = Release|iPhone
	EndGlobalSection
	GlobalSection(ProjectConfigurationPlatforms) = postSolution
		{16DABB11-CABF-4FC9-9801-7E27902AB122}.Debug|Any CPU.ActiveCfg = Debug|Any CPU
		{16DABB11-CABF-4FC9-9801-7E27902AB122}.Debug|Any CPU.Build.0 = Debug|Any CPU
		{16DABB11-CABF-4FC9-9801-7E27902AB122}.Release|Any CPU.ActiveCfg = Release|Any CPU
		{16DABB11-CABF-4FC9-9801-7E27902AB122}.Release|Any CPU.Build.0 = Release|Any CPU
		{16DABB11-CABF-4FC9-9801-7E27902AB122}.Debug|iPhoneSimulator.ActiveCfg = Debug|Any CPU
		{16DABB11-CABF-4FC9-9801-7E27902AB122}.Debug|iPhoneSimulator.Build.0 = Debug|Any CPU
		{16DABB11-CABF-4FC9-9801-7E27902AB122}.Release|iPhoneSimulator.ActiveCfg = Release|Any CPU
		{16DABB11-CABF-4FC9-9801-7E27902AB122}.Release|iPhoneSimulator.Build.0 = Release|Any CPU
		{16DABB11-CABF-4FC9-9801-7E27902AB122}.Debug|iPhone.ActiveCfg = Debug|Any CPU
		{16DABB11-CABF-4FC9-9801-7E27902AB122}.Debug|iPhone.Build.0 = Debug|Any CPU
		{16DABB11-CABF-4FC9-9801-7E27902AB122}.Release|iPhone.ActiveCfg = Release|Any CPU
		{16DABB11-CABF-4FC9-9801-7E27902AB122}.Release|iPhone.Build.0 = Release|Any CPU
		{1D8B9D25-B5B0-460C-A9DE-5E1206907134}.Debug|Any CPU.ActiveCfg = Debug|iPhoneSimulator
		{1D8B9D25-B5B0-460C-A9DE-5E1206907134}.Debug|Any CPU.Build.0 = Debug|iPhoneSimulator
		{1D8B9D25-B5B0-460C-A9DE-5E1206907134}.Release|Any CPU.ActiveCfg = Release|iPhoneSimulator
		{1D8B9D25-B5B0-460C-A9DE-5E1206907134}.Release|Any CPU.Build.0 = Release|iPhoneSimulator
		{1D8B9D25-B5B0-460C-A9DE-5E1206907134}.Debug|iPhoneSimulator.ActiveCfg = Debug|iPhoneSimulator
		{1D8B9D25-B5B0-460C-A9DE-5E1206907134}.Debug|iPhoneSimulator.Build.0 = Debug|iPhoneSimulator
		{1D8B9D25-B5B0-460C-A9DE-5E1206907134}.Release|iPhoneSimulator.ActiveCfg = Release|iPhoneSimulator
		{1D8B9D25-B5B0-460C-A9DE-5E1206907134}.Release|iPhoneSimulator.Build.0 = Release|iPhoneSimulator
		{1D8B9D25-B5B0-460C-A9DE-5E1206907134}.Debug|iPhone.ActiveCfg = Debug|iPhone
		{1D8B9D25-B5B0-460C-A9DE-5E1206907134}.Debug|iPhone.Build.0 = Debug|iPhone
		{1D8B9D25-B5B0-460C-A9DE-5E1206907134}.Release|iPhone.ActiveCfg = Release|iPhone
		{1D8B9D25-B5B0-460C-A9DE-5E1206907134}.Release|iPhone.Build.0 = Release|iPhone
		{D65C62CA-E57A-42EA-89A7-2076C1101915}.Debug|Any CPU.ActiveCfg = Debug|Any CPU
		{D65C62CA-E57A-42EA-89A7-2076C1101915}.Debug|Any CPU.Build.0 = Debug|Any CPU
		{D65C62CA-E57A-42EA-89A7-2076C1101915}.Release|Any CPU.ActiveCfg = Release|Any CPU
		{D65C62CA-E57A-42EA-89A7-2076C1101915}.Release|Any CPU.Build.0 = Release|Any CPU
		{D65C62CA-E57A-42EA-89A7-2076C1101915}.Debug|iPhoneSimulator.ActiveCfg = Debug|Any CPU
		{D65C62CA-E57A-42EA-89A7-2076C1101915}.Debug|iPhoneSimulator.Build.0 = Debug|Any CPU
		{D65C62CA-E57A-42EA-89A7-2076C1101915}.Release|iPhoneSimulator.ActiveCfg = Release|Any CPU
		{D65C62CA-E57A-42EA-89A7-2076C1101915}.Release|iPhoneSimulator.Build.0 = Release|Any CPU
		{D65C62CA-E57A-42EA-89A7-2076C1101915}.Debug|iPhone.ActiveCfg = Debug|Any CPU
		{D65C62CA-E57A-42EA-89A7-2076C1101915}.Debug|iPhone.Build.0 = Debug|Any CPU
		{D65C62CA-E57A-42EA-89A7-2076C1101915}.Release|iPhone.ActiveCfg = Release|Any CPU
		{D65C62CA-E57A-42EA-89A7-2076C1101915}.Release|iPhone.Build.0 = Release|Any CPU
	EndGlobalSection
EndGlobal
